{
  "lockfileVersion": 1,
  "configVersion": 0,
  "workspaces": {
    "": {
      "name": "steam-hour-booster",
      "dependencies": {
        "chalk": "^5.6.2",
        "steam-user": "^5.3.0",
        "zod": "^3.25.76",
      },
      "devDependencies": {
        "@ianvs/prettier-plugin-sort-imports": "^4.7.1",
        "@tsconfig/bun": "^1.0.11",
        "@types/bun": "^1.4.2",
        "@types/steam-user": "5.1.0",
        "typescript": "^5.9.3",
      },
    },
  },
  "packages": {
    "@babel/code-frame": ["@babel/code-frame@7.29.7", "", { "dependencies": { "@babel/helper-validator-identifier": "^7.29.7", "js-tokens": "^4.0.0", "picocolors": "^1.1.1" } }, "sha512-Aup7aUOfpbAUg2ROOJN6Iw5f9DMBlzu0mIkm/malLQFN/YQgO48wCj0Kxa3sEHJvPVFg7siR+qRInwXd2qhQKw=="],

    "@babel/generator": ["@babel/generator@7.29.8", "", { "dependencies": { "@babel/parser": "^7.29.8", "@babel/types": "^7.29.8", "@jridgewell/gen-mapping": "^0.3.12", "@jridgewell/trace-mapping": "^0.3.28", "jsesc": "^3.0.2" } }, "sha512-gZbepsdh3WDtgZKWL+vTPh71LSBrm/Y4/QDZBVCcYfmeTEEuoOYwlSy+G1StfJg+/Zy550u/3TATbm7qDbbMtg=="],

    "@babel/helper-globals": ["@babel/helper-globals@7.29.7", "", {}, "sha512-3nQVUAtvkKH9zahfWgw96Jc/uFOmjACE1kQz82E2lqWmHBgjzbNlsC22nuQTfahmWeQtTq5nQ/4Nnd2A1wj4zA=="],

    "@babel/helper-string-parser": ["@babel/helper-string-parser@7.29.7", "", {}, "sha512-Pb5ijPrZ89GDH8223L4UP8i6QApWxs04RbPQJTeWDV0/keR2E36MeKnyr6LYmUUvqRRI+Iv87SuF1W6ErINzYw=="],

    "@babel/helper-validator-identifier": ["@babel/helper-validator-identifier@7.29.7", "", {}, "sha512-qehxGkRj55h/ff8EMaJ+cYhyaKlHIxqYDn682wQD7RNp9UujOQsHog2uS0r2vzr4pW+sXf90NeeayjcNaX3fFg=="],

    "@babel/parser": ["@babel/parser@7.29.9", "", { "dependencies": { "@babel/types": "^7.29.8" }, "bin": "./bin/babel-parser.js" }, "sha512-CjXrNHTnvqBVqHgdBysY3vk2T8tpJHb5/RMeHJBTyVa9xgugCB0CJTx/3oO8RV2QRQP391RWpB7D6hLjm8V9uA=="],

    "@babel/template": ["@babel/template@7.29.7", "", { "dependencies": { "@babel/code-frame": "^7.29.7", "@babel/parser": "^7.29.7", "@babel/types": "^7.29.7" } }, "sha512-puq+Gf35oI24FeN11LkoUQFqv9uwNeWpxXZi/Ji3rRIoKAzKnxRaZ+Gkj0vKS9ZCiTESfng1N9LyOyXvo+m+Gg=="],

    "@babel/traverse": ["@babel/traverse@7.29.8", "", { "dependencies": { "@babel/code-frame": "^7.29.7", "@babel/generator": "^7.29.8", "@babel/helper-globals": "^7.29.7", "@babel/parser": "^7.29.8", "@babel/template": "^7.29.7", "@babel/types": "^7.29.8", "debug": "^4.3.1" } }, "sha512-I5z7H3bf/41ktsNVLtpN0wAa336HkqIHQ5BuPLEhTkt1jVSyZpeNKIzTgEWmlxjdg81R0IgUCcaE+Ok3NvrfZg=="],

    "@babel/types": ["@babel/types@7.29.8", "", { "dependencies": { "@babel/helper-string-parser": "^7.29.7", "@babel/helper-validator-identifier": "^7.29.7" } }, "sha512-Vj1jF3cPfxg7OAfoI7QnVKLoILlm2JF9pnVHrX8qx7AHMiYWT+NDAA7jChlNgRS4WTLc/fD1lXLmPixluj+3Gg=="],

    "@bbob/parser": ["@bbob/parser@2.9.0", "", { "dependencies": { "@bbob/plugin-helper": "^2.9.0" } }, "sha512-tldSYsMoEclke/B1nqL7+HbYMWZHTKvpbEHRSHuY+sZvS1o7Jpdfjb+KPpwP9wLI3p3r7GPv69/wGy+Xibs9yA=="],

    "@bbob/plugin-helper": ["@bbob/plugin-helper@2.9.0", "", {}, "sha512-idpUcNQ2co6T1oU/7/DG/ZRfipSSkTn9Ozw9f5vaXH7nzV3qhqZnhFVlHTzGGnRlzKlBwWOBzOdWi4Zeqg1c5A=="],

    "@doctormckay/stdlib": ["@doctormckay/stdlib@2.10.0", "", { "dependencies": { "psl": "^1.9.0" } }, "sha512-bwy+gPn6oa2KTpfxJKX3leZoV/wHDVtO0/gq3usPvqPswG//dcf3jVB8LcbRRsKO3BXCt5DqctOQ+Xb07ivxnw=="],

    "@doctormckay/steam-crypto": ["@doctormckay/steam-crypto@1.2.0", "", {}, "sha512-lsxgLw640gEdZBOXpVIcYWcYD+V+QbtEsMPzRvjmjz2XXKc7QeEMyHL07yOFRmay+cUwO4ObKTJO0dSInEuq5g=="],

    "@doctormckay/user-agents": ["@doctormckay/user-agents@1.1.0", "", {}, "sha512-KXc+5wGh9Is+A4hYAbWDopH8reokVVhwQnUw8px7bjeqIXoH9dwXBqzfvoGmqKBg5dE8zSHYgrx8x7tL5yEvWg=="],

    "@ianvs/prettier-plugin-sort-imports": ["@ianvs/prettier-plugin-sort-imports@4.7.1", "", { "dependencies": { "@babel/generator": "^7.26.2", "@babel/parser": "^7.26.2", "@babel/traverse": "^7.25.9", "@babel/types": "^7.26.0", "semver": "^7.5.2" }, "peerDependencies": { "@prettier/plugin-oxc": "^0.0.4 || ^0.1.0", "@vue/compiler-sfc": "2.7.x || 3.x", "content-tag": "^4.0.0", "prettier": "2 || 3 || ^4.0.0-0", "prettier-plugin-ember-template-tag": "^2.1.0" }, "optionalPeers": ["@prettier/plugin-oxc", "@vue/compiler-sfc", "content-tag", "prettier-plugin-ember-template-tag"] }, "sha512-jmTNYGlg95tlsoG3JLCcuC4BrFELJtLirLAkQW/71lXSyOhVt/Xj7xWbbGcuVbNq1gwWgSyMrPjJc9Z30hynVw=="],

    "@jridgewell/gen-mapping": ["@jridgewell/gen-mapping@0.3.13", "", { "dependencies": { "@jridgewell/sourcemap-codec": "^1.5.0", "@jridgewell/trace-mapping": "^0.3.24" } }, "sha512-2kkt/7niJ6MgEPxF0bYdQ6etZaA+fQvDcLKckhy1yIQOzaoKjBBjSj63/aLVjYE3qhRt5dvM+uUyfCg6UKCBbA=="],

    "@jridgewell/resolve-uri": ["@jridgewell/resolve-uri@3.1.2", "", {}, "sha512-bRISgCIjP20/tbWSPWMEi54QVPRZExkuD9lJL+UIxUKtwVJA8wW1Trb1jMs1RFXo1CBTNZ/5hpC9QvmKWdopKw=="],

    "@jridgewell/sourcemap-codec": ["@jridgewell/sourcemap-codec@1.6.0", "", {}, "sha512-T7jf+5zgsZHwNJ4lvQ7/aezbyk0nNX+zJVWpmHA7VYsEx7a7qr5Rg5IbtJFqkgze5Y2sruq1RUY8Q837Od7iFw=="],

    "@jridgewell/trace-mapping": ["@jridgewell/trace-mapping@0.3.31", "", { "dependencies": { "@jridgewell/resolve-uri": "^3.1.0", "@jridgewell/sourcemap-codec": "^1.4.14" } }, "sha512-zzNR+SdQSDJzc8joaeP8QQoCQr8NuYx2dIIytl1QeBEZHJ9uW6hebsrYgbz8hJwUQao3TWCMtmfV8Nu1twOLAw=="],

    "@protobufjs/aspromise": ["@protobufjs/aspromise@1.1.2", "", {}, "sha512-j+gKExEuLmKwvz3OgROXtrJ2UG2x8Ch2YZUxahh+s1F2HZ+wAceUNLkvy6zKCPVRkU++ZWQrdxsUeQXmcg4uoQ=="],

    "@protobufjs/base64": ["@protobufjs/base64@1.1.2", "", {}, "sha512-AZkcAA5vnN/v4PDqKyMR5lx7hZttPDgClv83E//FMNhR2TMcLUhfRUBHCmSl0oi9zMgDDqRUJkSxO3wm85+XLg=="],

    "@protobufjs/codegen": ["@protobufjs/codegen@2.0.5", "", {}, "sha512-zgXFLzW3Ap33e6d0Wlj4MGIm6Ce8O89n/apUaGNB/jx+hw+ruWEp7EwGUshdLKVRCxZW12fp9r40E1mQrf/34g=="],

    "@protobufjs/eventemitter": ["@protobufjs/eventemitter@1.1.1", "", {}, "sha512-vW1GmwMZNnL+gMRaovlh9yZX74kc+TTU3FObkkurpMaRtBfLP3ldjS9KQWlwZgraRE0+dheEEoAxdzcJQ8eXZg=="],

    "@protobufjs/fetch": ["@protobufjs/fetch@1.1.1", "", { "dependencies": { "@protobufjs/aspromise": "^1.1.1" } }, "sha512-GpptLrs57adMSuHi3VNj0mAF8dwh36LMaYF6XyJ6JMWlVsc+t42tm1HSEDmOs3A8fC9yyeisgLhsTVQokOZ0zw=="],

    "@protobufjs/float": ["@protobufjs/float@1.0.2", "", {}, "sha512-Ddb+kVXlXst9d+R9PfTIxh1EdNkgoRe5tOX6t01f1lYWOvJnSPDBlG241QLzcyPdoNTsblLUdujGSE4RzrTZGQ=="],

    "@protobufjs/inquire": ["@protobufjs/inquire@1.1.2", "", {}, "sha512-pa0vFRuws4wkvaXKK1uXZMAwAX4/t8ANaJo45iw/oQHNQ9q5xUzwgFmVJGXiga2BeN+zpX7Vf9vmsiIa2J+MUw=="],

    "@protobufjs/path": ["@protobufjs/path@1.1.2", "", {}, "sha512-6JOcJ5Tm08dOHAbdR3GrvP+yUUfkjG5ePsHYczMFLq3ZmMkAD98cDgcT2iA1lJ9NVwFd4tH/iSSoe44YWkltEA=="],

    "@protobufjs/pool": ["@protobufjs/pool@1.1.0", "", {}, "sha512-0kELaGSIDBKvcgS4zkjz1PeddatrjYcmMWOlAuAPwAeccUrPHdUqo/J6LiymHHEiJT5NrF1UVwxY14f+fy4WQw=="],

    "@protobufjs/utf8": ["@protobufjs/utf8@1.1.2", "", {}, "sha512-b1UQwcEZ4yCnMCD8DAL1VlbvBJE9/IX4FTIp7BG1xYpf29SLazLSrqUkj4w7Y5y7cCVP6E5tcqqcI0xemPkHug=="],

    "@tsconfig/bun": ["@tsconfig/bun@1.0.11", "", {}, "sha512-DQA3HOKFQ+/yPTUa73k5QGcuEM1ExtL6uWQMR0QrfOTitm0oLHqHd1tI74WtEtMqlIu+tvSMELJ6p5uNxVE7lw=="],

    "@types/bun": ["@types/bun@1.4.2", "", { "dependencies": { "bun-types": "1.4.2" } }, "sha512-GimotNn7+ZV0uVArItBbriZsR1oNf0+WTzPkdcFrzShI7k2norL0uzEaJT8T33dWr7O/c9ZDuAFQrctKCi72oQ=="],

    "@types/bytebuffer": ["@types/bytebuffer@5.0.49", "", { "dependencies": { "@types/long": "^3.0.0", "@types/node": "*" } }, "sha512-lV4YLiolMdD4upDmr4vnfiwV/FN9Jg33eNTSFMkHqyMKqTIAn5TmFTYsARwXwUXeFU7yzRpECmWV1SOhIvdkRQ=="],

    "@types/file-manager": ["@types/file-manager@2.0.3", "", { "dependencies": { "@types/node": "*" } }, "sha512-gEq6de+iMbjmkL3Wj183JQ651h9b331wQ3svXp2K6RkgBg+TtiyIZTMols/a3UtXllVV9kSelz/N3Rgh0n6S4g=="],

    "@types/long": ["@types/long@3.0.32", "", {}, "sha512-ZXyOOm83p7X8p3s0IYM3VeueNmHpkk/yMlP8CLeOnEcu6hIwPH7YjZBvhQkR0ZFS2DqZAxKtJ/M5fcuv3OU5BA=="],

    "@types/node": ["@types/node@26.6.3", "", { "dependencies": { "undici-types": "~8.9.0" } }, "sha512-dsqMQQoeTLqu9wynDD00q573mNzso3IdQOAfHRJqLCcmCFPoGo9A1bDpUcv/9tnKpErQWv9uKeGfl37EIS02Yg=="],

    "@types/steam-user": ["@types/steam-user@5.1.0", "", { "dependencies": { "@types/bytebuffer": "*", "@types/file-manager": "*", "@types/node": "*", "@types/steamid": "*" } }, "sha512-jMCzwmvBA1DaqLTD9h23LzVmzyHy53cdzpJjBSYDI6qT/1LqEUM9xRt4Vb0Y9kOIr+BZckCewDw8Bk6n8e3BTA=="],

    "@types/steamid": ["@types/steamid@2.0.4", "", {}, "sha512-LC0oaiNq3gqMI18MV935CnlyHmDooKRszK56jHv0+b7EbJwf5k++YsD52zWeJUD8nuYqP9LpIgpXGiYBOxpcYQ=="],

    "adm-zip": ["adm-zip@0.5.18", "", {}, "sha512-ufJnssQGbxzLNS1Ho9bCtX4rQKCCvoVuDLHoJyc3F9dOGDB4BkWs2Ci0kv53lqocAEQ/Cbi+I2XCsNYGqVYqng=="],

    "agent-base": ["agent-base@6.0.2", "", { "dependencies": { "debug": "4" } }, "sha512-RZNwNclF7+MS/8bDg70amg32dyeZGZxiDuQmZxKLAlQjr3jGyLx+4Kkk58UO7D2QdgFIQCovuSuZESne6RG6XQ=="],

    "binarykvparser": ["binarykvparser@2.3.0", "", { "dependencies": { "long": "^3.2.0" } }, "sha512-B1N5ZxC8I9oSLis7Rg36DxsZJoIikUGU2XwpI0FKFCaPIJIEYi0B9UeIk3QU006axzq0TI9KC3iXelfGGgnWew=="],

    "bun-types": ["bun-types@1.4.2", "", { "dependencies": { "@types/node": "*" } }, "sha512-bxV1FgK7yBIzjRe5zBozIM4Bem11ZJcCXSrjWRG3YWLt8yFDePu4cLjpebO8OvPeIE9trbyPF4fuj3Cia4Fj3w=="],

    "bytebuffer": ["bytebuffer@5.0.1", "", { "dependencies": { "long": "~3" } }, "sha512-IuzSdmADppkZ6DlpycMkm8l9zeEq16fWtLvunEwFiYciR/BHo4E8/xs5piFquG+Za8OWmMqHF8zuRviz2LHvRQ=="],

    "chalk": ["chalk@5.6.2", "", {}, "sha512-7NzBL0rN6fMUW+f7A6Io4h40qQlG+xGmtMxfbnH/K7TAtt8JQWVQK+6g0UXKMeVJoyV5EkkNsErQ8pVD3bLHbA=="],

    "cuint": ["cuint@0.2.2", "", {}, "sha512-d4ZVpCW31eWwCMe1YT3ur7mUDnTXbgwyzaL320DrcRT45rfjYxkt5QWLrmOJ+/UEAI2+fQgKe/fCjR8l4TpRgw=="],

    "debug": ["debug@4.4.3", "", { "dependencies": { "ms": "^2.1.3" }, "peerDependencies": { "supports-color": "*" }, "optionalPeers": ["supports-color"] }, "sha512-RGwwWnwQvkVfavKVt22FGLw+xYSdzARwm0ru6DhTVA3umU5hZc28V3kO4stgYryrTlLpuvgI9GiijltAjNbcqA=="],

    "file-manager": ["file-manager@2.0.1", "", { "dependencies": { "@doctormckay/stdlib": "^1.14.1" } }, "sha512-y/K/1OCha04OXOxzo3cXJYtIzEk/CUMBb7Okipxueu0u+xCiuoocbwPyh1smUBasOobo4GAYmjgjD9Vh5zI51w=="],

    "ip-address": ["ip-address@10.7.2", "", {}, "sha512-7H/2gFSIitxc0hG3nOI1glS8QLo/EHBFFLk8vEUjXY/xu0AdL8jZ9U1IzO2PUm0d2D/ofQcAifb0g6OBkt8U7w=="],

    "js-tokens": ["js-tokens@4.0.0", "", {}, "sha512-RdJUflcE3cUzKiMqQgsCu06FPu9UdIJO0beYbPhHN4k6apgJtifcoCtT9bcxOpYBtpD2kCM6Sbzg4CausW/PKQ=="],

    "jsesc": ["jsesc@3.1.0", "", { "bin": { "jsesc": "bin/jsesc" } }, "sha512-/sM3dO2FOzXjKQhJuo0Q173wf2KOo8t4I8vHy6lF9poUp7bKT0/NHE8fPX23PwfhnykfqnC2xRxOnVw5XuGIaA=="],

    "kvparser": ["kvparser@1.0.2", "", {}, "sha512-5P/5qpTAHjVYWqcI55B3yQwSY2FUrYYrJj5i65V1Wmg7/4W4OnBcaodaEvLyVuugeOnS+BAaKm9LbPazGJcRyA=="],

    "long": ["long@3.2.0", "", {}, "sha512-ZYvPPOMqUwPoDsbJaR10iQJYnMuZhRTvHYl62ErLIEX7RgFlziSBUUvrt3OVfc47QlHHpzPZYP17g3Fv7oeJkg=="],

    "lzma": ["lzma@2.3.2", "", { "bin": { "lzma.js": "bin/lzma.js" } }, "sha512-DcfiawQ1avYbW+hsILhF38IKAlnguc/fjHrychs9hdxe4qLykvhT5VTGNs5YRWgaNePh7NTxGD4uv4gKsRomCQ=="],

    "ms": ["ms@2.1.3", "", {}, "sha512-6FlzubTLZG3J2a/NVCAleEhjzq5oxgHyaCU9yYXvcLsvoVaHJq/s5xXI6/XXP6tz7R9xAOtHnSO/tXtF3WRTlA=="],

    "node-bignumber": ["node-bignumber@1.2.2", "", {}, "sha512-VoTZHmdFQpZH1+q1dz2qcHNCwTWsJg2T3PYwlAyDNFOfVhSYUKQBLFcCpCud+wJBGgCttGavZILaIggDIKqEQQ=="],

    "permessage-deflate": ["permessage-deflate@0.1.7", "", { "dependencies": { "safe-buffer": "*" } }, "sha512-EUNi/RIsyJ1P1u9QHFwMOUWMYetqlE22ZgGbad7YP856WF4BFF0B7DuNy6vEGsgNNud6c/SkdWzkne71hH8MjA=="],

    "picocolors": ["picocolors@1.1.1", "", {}, "sha512-xceH2snhtb5M9liqDsmEw56le376mTZkEX/jEb/RxNFyegNul7eNslCXP9FDj/Lcu0X8KEyMceP2ntpaHrDEVA=="],

    "prettier": ["prettier@3.9.9", "", { "bin": { "prettier": "bin/prettier.cjs" } }, "sha512-Z/CJHIkdujO/OtN7nXUii0Rf3VT5SRuhjBA82Xvu2XhBUgX3nhP67T0LHceBdQLex7OOFGTox+Q5Yg8Jk2Qivg=="],

    "protobufjs": ["protobufjs@7.6.6", "", { "dependencies": { "@protobufjs/aspromise": "^1.1.2", "@protobufjs/base64": "^1.1.2", "@protobufjs/codegen": "^2.0.5", "@protobufjs/eventemitter": "^1.1.1", "@protobufjs/fetch": "^1.1.1", "@protobufjs/float": "^1.0.2", "@protobufjs/path": "^1.1.2", "@protobufjs/pool": "^1.1.0", "@protobufjs/utf8": "^1.1.1", "@types/node": ">=13.7.0", "long": "^5.3.2" } }, "sha512-dYDWdjSl5RNb7SgPxGQcRU+GtvP7s2fpkrY0r432PcOIaZ0/rBcxEZnQN67iJhFuQiVw754JDoPruPCNdGsbjg=="],

    "psl": ["psl@1.15.0", "", { "dependencies": { "punycode": "^2.3.1" } }, "sha512-JZd3gMVBAVQkSs6HdNZo9Sdo0LNcQeMNP3CozBJb3JYC/QUYZTnKxP+f8oWRX4rHP5EurWxqAHTSwUCjlNKa1w=="],

    "punycode": ["punycode@2.3.1", "", {}, "sha512-vYt7UD1U9Wg6138shLtLOvdAu+8DsC/ilFtEVHcH+wydcSpNE20AfSOduf6MkRFahL5FY7X1oU7nKVZFtfq8Fg=="],

    "safe-buffer": ["safe-buffer@5.2.1", "", {}, "sha512-rp3So07KcdmmKbGvgaNxQSJr7bGVSVk5S9Eq1F+ppbRo70+YeaDxkw5Dd8NPN+GD6bjnYm2VuPuCXmpuYvmCXQ=="],

    "semver": ["semver@7.8.5", "", { "bin": { "semver": "bin/semver.js" } }, "sha512-Y7/KDsb8LjooZpwaqGyulO6DQlksgCncchHGk+sZIY4SBvUocMBEFH5Ur1fI4dV+Jvl0w6cjvucaIi40puRioA=="],

    "smart-buffer": ["smart-buffer@4.2.0", "", {}, "sha512-94hK0Hh8rPqQl2xXc3HsaBoOXKV20MToPkcXvwbISWLEs+64sBq5kFgn2kJDHb1Pry9yrP0dxrCI9RRci7RXKg=="],

    "socks": ["socks@2.8.10", "", { "dependencies": { "ip-address": "^10.1.1", "smart-buffer": "^4.2.0" } }, "sha512-e0VyvkVTwVYViNovRkZ9aodhxVlyoMn7eJhVUPxZ+eK9P/7CBkxvvsBOHqFPEH416726W8tLXXXjKwqgTErrCQ=="],

    "socks-proxy-agent": ["socks-proxy-agent@7.0.0", "", { "dependencies": { "agent-base": "^6.0.2", "debug": "^4.3.3", "socks": "^2.6.2" } }, "sha512-Fgl0YPZ902wEsAyiQ+idGd1A7rSFx/ayC1CQVMw5P+EQx2V0SgpGtf6OKFhVjPflPUl9YMmEOnmfjCdMUsygww=="],

    "steam-appticket": ["steam-appticket@1.0.2", "", { "dependencies": { "@doctormckay/stdlib": "^1.6.0", "@doctormckay/steam-crypto": "^1.2.0", "bytebuffer": "^5.0.1", "protobufjs": "^6.8.8", "steamid": "^1.1.0" } }, "sha512-zwDwZALGv3RanE8RHNYcQU3u4Ez23EzMuQ4Lh15uIHddpDh6TI6uFGbC0HNyt6y+UJYSILe77A33VhFZKQiaqQ=="],

    "steam-session": ["steam-session@1.9.4", "", { "dependencies": { "@doctormckay/stdlib": "^2.9.0", "@doctormckay/user-agents": "^1.0.0", "debug": "^4.3.4", "kvparser": "^1.0.1", "node-bignumber": "^1.2.2", "protobufjs": "^7.1.0", "socks-proxy-agent": "^7.0.0", "steamid": "^2.0.0", "tiny-typed-emitter": "^2.1.0", "websocket13": "^4.0.0" } }, "sha512-MLvg1uMLEOIRHZS5LKruy1w5OqHb8EL7TeMxIY2a4mUcaVOgszz060+jo4c7s3gFeedyuoqGcfwJrR0pLKYzLw=="],

    "steam-totp": ["steam-totp@2.1.2", "", {}, "sha512-bTKlc/NoIUQId+my+O556s55DDsNNXfVIPWFDNVu68beql7AJhV0c+GTjFxfwCDYfdc4NkAme+0WrDdnY2D2VA=="],

    "steam-user": ["steam-user@5.3.0", "", { "dependencies": { "@bbob/parser": "^2.2.0", "@doctormckay/stdlib": "^2.9.1", "@doctormckay/steam-crypto": "^1.2.0", "adm-zip": "^0.5.10", "binarykvparser": "^2.2.0", "bytebuffer": "^5.0.0", "file-manager": "^2.0.0", "kvparser": "^1.0.1", "lzma": "^2.3.2", "protobufjs": "^7.2.4", "socks-proxy-agent": "^7.0.0", "steam-appticket": "^1.0.1", "steam-session": "^1.8.0", "steam-totp": "^2.0.1", "steamid": "^2.0.0", "websocket13": "^4.0.0", "zstddec": "^0.1.0" }, "peerDependencies": { "lzma-native": "^8.0.0" }, "optionalPeers": ["lzma-native"] }, "sha512-/92MOZGIocixlgzjloXrDffbAL5sF9rz4sbsafZ73samhkv2ITQNJrKaKGCJbAq5Xz8CbtCzstdjH8qXawLJVg=="],

    "steamid": ["steamid@2.1.0", "", {}, "sha512-ndt1cvuuSC+i8fcxVsmeyRlgGsR1QsoAuIXz+eabj8/Y4GIWE2+mgHA7Hys61JDHOxttfWtXHtN2m5TNYTlORg=="],

    "tiny-typed-emitter": ["tiny-typed-emitter@2.1.0", "", {}, "sha512-qVtvMxeXbVej0cQWKqVSSAHmKZEHAvxdF8HEUBFWts8h+xEo5m/lEiPakuyZ3BnCBjOD8i24kzNOiOLLgsSxhA=="],

    "typescript": ["typescript@5.9.3", "", { "bin": { "tsc": "bin/tsc", "tsserver": "bin/tsserver" } }, "sha512-jl1vZzPDinLr9eUt3J/t7V6FgNEw9QjvBPdysz9KfQDD41fQrC2Y4vKQdiaUpFT4bXlb1RHhLpp8wtm6M5TgSw=="],

    "undici-types": ["undici-types@8.9.0", "", {}, "sha512-KTDyRTYX8sWmKXAikPHHSyc63CRPETMctyjKFupcC6OBLXT3xsN0e9aF7m+mIXutFWpUXuedtowG7iLOzp0kQg=="],

    "websocket-extensions": ["websocket-extensions@0.1.4", "", {}, "sha512-OqedPIGOfsDlo31UNwYbCFMSaO9m9G/0faIHj5/dZFDMFqPTcx6UwqyOy3COEaEOg/9VsGIpdqn62W5KhoKSpg=="],

    "websocket13": ["websocket13@4.1.0", "", { "dependencies": { "@doctormckay/stdlib": "^2.7.1", "bytebuffer": "^5.0.1", "permessage-deflate": "^0.1.7", "tiny-typed-emitter": "^2.1.0", "websocket-extensions": "^0.1.4" } }, "sha512-7+hxkUVTKQlUDTzN2rJI7fJRBXCT6dvRXr1aZflxUZlpNJutHBkKiEIbZOCGs0A1s7vxAmcAXngsNUQMSUTiVQ=="],

    "zod": ["zod@3.25.76", "", {}, "sha512-gzUt/qt81nXsFGKIFcC3YnfEAx5NkunCfnDlvuBSSFS02bcXu4Lmea0AFIUwbLWxWPx3d9p8S5QoaujKcNQxcQ=="],

    "zstddec": ["zstddec@0.1.0", "", {}, "sha512-w2NTI8+3l3eeltKAdK8QpiLo/flRAr2p8AGeakfMZOXBxOg9HIu4LVDxBi81sYgVhFhdJjv1OrB5ssI8uFPoLg=="],

    "binarykvparser/long": ["long@3.2.0", "", { "bundled": true }, "sha512-ZYvPPOMqUwPoDsbJaR10iQJYnMuZhRTvHYl62ErLIEX7RgFlziSBUUvrt3OVfc47QlHHpzPZYP17g3Fv7oeJkg=="],

    "file-manager/@doctormckay/stdlib": ["@doctormckay/stdlib@1.16.1", "", {}, "sha512-XhuUOzElz6fnNdt70IYNKqhPAEpGaL4JHOhAvklRh0hAhVPW+/wLxaWT3DWUbaG5Dta5YvIp7+cZK3GhIpAuug=="],

    "protobufjs/long": ["long@5.3.2", "", {}, "sha512-mNAgZ1GmyNhD7AuqnTG3/VQ26o760+ZYBPKjPvugO8+nLbYfX6TVpJPseBvopbdY+qpZ/lKUnmEc1LeZYS3QAA=="],

    "steam-appticket/@doctormckay/stdlib": ["@doctormckay/stdlib@1.16.1", "", {}, "sha512-XhuUOzElz6fnNdt70IYNKqhPAEpGaL4JHOhAvklRh0hAhVPW+/wLxaWT3DWUbaG5Dta5YvIp7+cZK3GhIpAuug=="],

    "steam-appticket/protobufjs": ["protobufjs@6.11.6", "", { "dependencies": { "@protobufjs/aspromise": "^1.1.2", "@protobufjs/base64": "^1.1.2", "@protobufjs/codegen": "^2.0.4", "@protobufjs/eventemitter": "^1.1.0", "@protobufjs/fetch": "^1.1.0", "@protobufjs/float": "^1.0.2", "@protobufjs/inquire": "^1.1.0", "@protobufjs/path": "^1.1.2", "@protobufjs/pool": "^1.1.0", "@protobufjs/utf8": "^1.1.0", "@types/long": "^4.0.1", "@types/node": ">=13.7.0", "long": "^4.0.0" }, "bin": { "pbjs": "bin/pbjs", "pbts": "bin/pbts" } }, "sha512-k8BHqgPBOtrlougZZqF2uUk5Z7bN8f0wj+3e8M3hvtSv0NBAz4VBy5f6R5Nxq/l+i7mRFTgNZb2trxqTpHNY/A=="],

    "steam-appticket/steamid": ["steamid@1.1.3", "", { "dependencies": { "cuint": "^0.2.1" } }, "sha512-t86YjtP1LtPt8D+TaIARm6PtC9tBnF1FhxQeLFs6ohG7vDUfQuy/M8II14rx1TTUkVuYoWHP/7DlvTtoCGULcw=="],

    "steam-appticket/protobufjs/@types/long": ["@types/long@4.0.2", "", {}, "sha512-MqTGEo5bj5t157U6fA/BiDynNkn0YknVdh48CMPkTSpFTVmvao5UQmm7uEF6xBEo7qIMAlY/JSleYaE6VOdpaA=="],

    "steam-appticket/protobufjs/long": ["long@4.0.0", "", {}, "sha512-XsP+KhQif4bjX1kbuSiySJFNAehNxgLb6hPRGJ9QsUr8ajHkuXGdrHmFUTUUXhDwVX2R5bY4JNZEwbUiMhV+MA=="],
  }
}
